<Solution>

    <Folder Name="/.solution items/">
        <File Path=".github/workflows/nuget-publish.yml" />
        <File Path=".gitignore" />
        <File Path="Directory.Build.props" />
        <File Path="Readme.md" />
    </Folder>
    <Folder Name="/docs/">
        <File Path="docs/aggregates.md" />
        <File Path="docs/archivables.md" />
        <File Path="docs/auditables.md" />
        <File Path="docs/dtos.md" />
        <File Path="docs/ef-core.md" />
        <File Path="docs/entities.md" />
        <File Path="docs/getting-started.md" />
        <File Path="docs/majal.skill.md" />
        <File Path="docs/ordinals.md" />
        <File Path="docs/translatables.md" />
        <File Path="docs/value-objects.md" />
    </Folder>
    <Folder Name="/samples/">
        <Project Path="samples/EShop/EShop.csproj" />
        <Project Path="samples/EShop.Web/EShop.Web.esproj">
            <Build />
            <Deploy />
        </Project>
    </Folder>
    <Folder Name="/src/">
        <Project Path="src/Majal.DataTransferObjects.Types/Majal.DataTransferObjects.Types.csproj" />
        <Project Path="src/Majal.DataTransferObjects/Majal.DataTransferObjects.csproj" />
        <Project Path="src/Majal.EntityFrameworkCore/Majal.EntityFrameworkCore.csproj" />
        <Project Path="src/Majal.SourceGeneration.Common/Majal.SourceGeneration.Common.csproj" />
        <Project Path="src/Majal.Types/Majal.Types.csproj" />
        <Project Path="src/Majal/Majal.csproj" />
    </Folder>
    <Folder Name="/tests/">
        <Project Path="tests/Majal.DataTransferObjects.Tests/Majal.DataTransferObjects.Tests.csproj" />
        <Project Path="tests/Majal.EntityFrameworkCore.Tests/Majal.EntityFrameworkCore.Tests.csproj" />
        <Project Path="tests/Majal.FunctionalTests/Majal.FunctionalTests.csproj" />
        <Project Path="tests/Majal.Tests/Majal.Tests.csproj" />
    </Folder>
</Solution>
